// !$*UTF8*$!
{
	archiveVersion = 1;
	classes = {
	};
	objectVersion = 46;
	objects = {

/* Begin PBXBuildFile section */
		C61D34C11F71639A0040EF53 /* Utility.swift in Sources */ = {isa = PBXBuildFile; fileRef = C61D34C01F71639A0040EF53 /* Utility.swift */; };
		C61E63871EE3C55C00435D39 /* LazyDirectoryViewer.h in Headers */ = {isa = PBXBuildFile; fileRef = C61E63851EE3C55C00435D39 /* LazyDirectoryViewer.h */; settings = {ATTRIBUTES = (Public, ); }; };
		C61E638A1EE3C55C00435D39 /* LazyDirectoryViewer.framework in Frameworks */ = {isa = PBXBuildFile; fileRef = C61E63831EE3C55C00435D39 /* LazyDirectoryViewer.framework */; };
		C61E638B1EE3C55C00435D39 /* LazyDirectoryViewer.framework in Embed Frameworks */ = {isa = PBXBuildFile; fileRef = C61E63831EE3C55C00435D39 /* LazyDirectoryViewer.framework */; settings = {ATTRIBUTES = (CodeSignOnCopy, RemoveHeadersOnCopy, ); }; };
		C61E63901EE3C57900435D39 /* Viewer.storyboard in Resources */ = {isa = PBXBuildFile; fileRef = C6B119711ED819D200331141 /* Viewer.storyboard */; };
		C61E63911EE3C57900435D39 /* LazyDirectoryViewer.swift in Sources */ = {isa = PBXBuildFile; fileRef = C6B119731ED81DE000331141 /* LazyDirectoryViewer.swift */; };
		C61E63921EE3C57900435D39 /* LazyFileListCell.swift in Sources */ = {isa = PBXBuildFile; fileRef = C6B119751ED820CC00331141 /* LazyFileListCell.swift */; };
		C61E63931EE3C57C00435D39 /* Resource.bundle in Resources */ = {isa = PBXBuildFile; fileRef = C61E637A1EE3C33E00435D39 /* Resource.bundle */; };
		C61E63951EE3C75E00435D39 /* MainViewController.swift in Sources */ = {isa = PBXBuildFile; fileRef = C61E63941EE3C75E00435D39 /* MainViewController.swift */; };
		C61E63981EE3EEB000435D39 /* ViewerUtility.swift in Sources */ = {isa = PBXBuildFile; fileRef = C61E63961EE3ED6F00435D39 /* ViewerUtility.swift */; };
		C6B1196B1ED819C100331141 /* AppDelegate.swift in Sources */ = {isa = PBXBuildFile; fileRef = C6B119621ED819C100331141 /* AppDelegate.swift */; };
		C6B1196C1ED819C100331141 /* Assets.xcassets in Resources */ = {isa = PBXBuildFile; fileRef = C6B119631ED819C100331141 /* Assets.xcassets */; };
		C6B1196D1ED819C100331141 /* LaunchScreen.storyboard in Resources */ = {isa = PBXBuildFile; fileRef = C6B119641ED819C100331141 /* LaunchScreen.storyboard */; };
		C6B1196E1ED819C100331141 /* Main.storyboard in Resources */ = {isa = PBXBuildFile; fileRef = C6B119661ED819C100331141 /* Main.storyboard */; };
/* End PBXBuildFile section */

/* Begin PBXContainerItemProxy section */
		C61E63881EE3C55C00435D39 /* PBXContainerItemProxy */ = {
			isa = PBXContainerItemProxy;
			containerPortal = C6B119401ED8174900331141 /* Project object */;
			proxyType = 1;
			remoteGlobalIDString = C61E63821EE3C55C00435D39;
			remoteInfo = LazyDirectoryViewer;
		};
/* End PBXContainerItemProxy section */

/* Begin PBXCopyFilesBuildPhase section */
		C61E638F1EE3C55C00435D39 /* Embed Frameworks */ = {
			isa = PBXCopyFilesBuildPhase;
			buildActionMask = 2147483647;
			dstPath = "";
			dstSubfolderSpec = 10;
			files = (
				C61E638B1EE3C55C00435D39 /* LazyDirectoryViewer.framework in Embed Frameworks */,
			);
			name = "Embed Frameworks";
			runOnlyForDeploymentPostprocessing = 0;
		};
/* End PBXCopyFilesBuildPhase section */

/* Begin PBXFileReference section */
		C61D34C01F71639A0040EF53 /* Utility.swift */ = {isa = PBXFileReference; fileEncoding = 4; lastKnownFileType = sourcecode.swift; path = Utility.swift; sourceTree = "<group>"; };
		C61E637A1EE3C33E00435D39 /* Resource.bundle */ = {isa = PBXFileReference; lastKnownFileType = "wrapper.plug-in"; path = Resource.bundle; sourceTree = "<group>"; };
		C61E63831EE3C55C00435D39 /* LazyDirectoryViewer.framework */ = {isa = PBXFileReference; explicitFileType = wrapper.framework; includeInIndex = 0; path = LazyDirectoryViewer.framework; sourceTree = BUILT_PRODUCTS_DIR; };
		C61E63851EE3C55C00435D39 /* LazyDirectoryViewer.h */ = {isa = PBXFileReference; lastKnownFileType = sourcecode.c.h; path = LazyDirectoryViewer.h; sourceTree = "<group>"; };
		C61E63861EE3C55C00435D39 /* Info.plist */ = {isa = PBXFileReference; lastKnownFileType = text.plist.xml; path = Info.plist; sourceTree = "<group>"; };
		C61E63941EE3C75E00435D39 /* MainViewController.swift */ = {isa = PBXFileReference; fileEncoding = 4; lastKnownFileType = sourcecode.swift; path = MainViewController.swift; sourceTree = "<group>"; };
		C61E63961EE3ED6F00435D39 /* ViewerUtility.swift */ = {isa = PBXFileReference; fileEncoding = 4; lastKnownFileType = sourcecode.swift; path = ViewerUtility.swift; sourceTree = "<group>"; };
		C6B119481ED8174900331141 /* LazyDirectoryViewerDemo.app */ = {isa = PBXFileReference; explicitFileType = wrapper.application; includeInIndex = 0; path = LazyDirectoryViewerDemo.app; sourceTree = BUILT_PRODUCTS_DIR; };
		C6B119621ED819C100331141 /* AppDelegate.swift */ = {isa = PBXFileReference; fileEncoding = 4; lastKnownFileType = sourcecode.swift; path = AppDelegate.swift; sourceTree = "<group>"; };
		C6B119631ED819C100331141 /* Assets.xcassets */ = {isa = PBXFileReference; lastKnownFileType = folder.assetcatalog; path = Assets.xcassets; sourceTree = "<group>"; };
		C6B119651ED819C100331141 /* Base */ = {isa = PBXFileReference; lastKnownFileType = file.storyboard; name = Base; path = Base.lproj/LaunchScreen.storyboard; sourceTree = "<group>"; };
		C6B119671ED819C100331141 /* Base */ = {isa = PBXFileReference; lastKnownFileType = file.storyboard; name = Base; path = Base.lproj/Main.storyboard; sourceTree = "<group>"; };
		C6B119681ED819C100331141 /* Info.plist */ = {isa = PBXFileReference; fileEncoding = 4; lastKnownFileType = text.plist.xml; path = Info.plist; sourceTree = "<group>"; };
		C6B119711ED819D200331141 /* Viewer.storyboard */ = {isa = PBXFileReference; fileEncoding = 4; lastKnownFileType = file.storyboard; path = Viewer.storyboard; sourceTree = "<group>"; };
		C6B119731ED81DE000331141 /* LazyDirectoryViewer.swift */ = {isa = PBXFileReference; fileEncoding = 4; lastKnownFileType = sourcecode.swift; path = LazyDirectoryViewer.swift; sourceTree = "<group>"; };
		C6B119751ED820CC00331141 /* LazyFileListCell.swift */ = {isa = PBXFileReference; fileEncoding = 4; lastKnownFileType = sourcecode.swift; path = LazyFileListCell.swift; sourceTree = "<group>"; };
/* End PBXFileReference section */

/* Begin PBXFrameworksBuildPhase section */
		C61E637F1EE3C55C00435D39 /* Frameworks */ = {
			isa = PBXFrameworksBuildPhase;
			buildActionMask = 2147483647;
			files = (
			);
			runOnlyForDeploymentPostprocessing = 0;
		};
		C6B119451ED8174900331141 /* Frameworks */ = {
			isa = PBXFrameworksBuildPhase;
			buildActionMask = 2147483647;
			files = (
				C61E638A1EE3C55C00435D39 /* LazyDirectoryViewer.framework in Frameworks */,
			);
			runOnlyForDeploymentPostprocessing = 0;
		};
/* End PBXFrameworksBuildPhase section */

/* Begin PBXGroup section */
		C61E63841EE3C55C00435D39 /* LazyDirectoryViewer */ = {
			isa = PBXGroup;
			children = (
				C61E63851EE3C55C00435D39 /* LazyDirectoryViewer.h */,
				C61E63861EE3C55C00435D39 /* Info.plist */,
			);
			path = LazyDirectoryViewer;
			sourceTree = "<group>";
		};
		C6B1193F1ED8174900331141 = {
			isa = PBXGroup;
			children = (
				C6B119611ED819C100331141 /* Demo */,
				C6B1196A1ED819C100331141 /* Source */,
				C61E63841EE3C55C00435D39 /* LazyDirectoryViewer */,
				C6B119491ED8174900331141 /* Products */,
			);
			sourceTree = "<group>";
		};
		C6B119491ED8174900331141 /* Products */ = {
			isa = PBXGroup;
			children = (
				C6B119481ED8174900331141 /* LazyDirectoryViewerDemo.app */,
				C61E63831EE3C55C00435D39 /* LazyDirectoryViewer.framework */,
			);
			name = Products;
			sourceTree = "<group>";
		};
		C6B119611ED819C100331141 /* Demo */ = {
			isa = PBXGroup;
			children = (
				C6B119621ED819C100331141 /* AppDelegate.swift */,
				C6B119631ED819C100331141 /* Assets.xcassets */,
				C6B119641ED819C100331141 /* LaunchScreen.storyboard */,
				C6B119661ED819C100331141 /* Main.storyboard */,
				C61E63941EE3C75E00435D39 /* MainViewController.swift */,
				C61D34C01F71639A0040EF53 /* Utility.swift */,
				C6B119681ED819C100331141 /* Info.plist */,
			);
			path = Demo;
			sourceTree = "<group>";
		};
		C6B1196A1ED819C100331141 /* Source */ = {
			isa = PBXGroup;
			children = (
				C61E63961EE3ED6F00435D39 /* ViewerUtility.swift */,
				C6B119711ED819D200331141 /* Viewer.storyboard */,
				C6B119731ED81DE000331141 /* LazyDirectoryViewer.swift */,
				C6B119751ED820CC00331141 /* LazyFileListCell.swift */,
				C61E637A1EE3C33E00435D39 /* Resource.bundle */,
			);
			path = Source;
			sourceTree = "<group>";
		};
/* End PBXGroup section */

/* Begin PBXHeadersBuildPhase section */
		C61E63801EE3C55C00435D39 /* Headers */ = {
			isa = PBXHeadersBuildPhase;
			buildActionMask = 2147483647;
			files = (
				C61E63871EE3C55C00435D39 /* LazyDirectoryViewer.h in Headers */,
			);
			runOnlyForDeploymentPostprocessing = 0;
		};
/* End PBXHeadersBuildPhase section */

/* Begin PBXNativeTarget section */
		C61E63821EE3C55C00435D39 /* LazyDirectoryViewer */ = {
			isa = PBXNativeTarget;
			buildConfigurationList = C61E638C1EE3C55C00435D39 /* Build configuration list for PBXNativeTarget "LazyDirectoryViewer" */;
			buildPhases = (
				C61E637E1EE3C55C00435D39 /* Sources */,
				C61E637F1EE3C55C00435D39 /* Frameworks */,
				C61E63801EE3C55C00435D39 /* Headers */,
				C61E63811EE3C55C00435D39 /* Resources */,
			);
			buildRules = (
			);
			dependencies = (
			);
			name = LazyDirectoryViewer;
			productName = LazyDirectoryViewer;
			productReference = C61E63831EE3C55C00435D39 /* LazyDirectoryViewer.framework */;
			productType = "com.apple.product-type.framework";
		};
		C6B119471ED8174900331141 /* LazyDirectoryViewerDemo */ = {
			isa = PBXNativeTarget;
			buildConfigurationList = C6B1195A1ED8174900331141 /* Build configuration list for PBXNativeTarget "LazyDirectoryViewerDemo" */;
			buildPhases = (
				C6B119441ED8174900331141 /* Sources */,
				C6B119451ED8174900331141 /* Frameworks */,
				C6B119461ED8174900331141 /* Resources */,
				C61E638F1EE3C55C00435D39 /* Embed Frameworks */,
			);
			buildRules = (
			);
			dependencies = (
				C61E63891EE3C55C00435D39 /* PBXTargetDependency */,
			);
			name = LazyDirectoryViewerDemo;
			productName = LazyDirectoryViewer;
			productReference = C6B119481ED8174900331141 /* LazyDirectoryViewerDemo.app */;
			productType = "com.apple.product-type.application";
		};
/* End PBXNativeTarget section */

/* Begin PBXProject section */
		C6B119401ED8174900331141 /* Project object */ = {
			isa = PBXProject;
			attributes = {
				LastSwiftUpdateCheck = 0830;
				LastUpgradeCheck = 0830;
				TargetAttributes = {
					C61E63821EE3C55C00435D39 = {
						CreatedOnToolsVersion = 8.3.2;
						DevelopmentTeam = 7BEV3MKZTB;
						ProvisioningStyle = Automatic;
					};
					C6B119471ED8174900331141 = {
						CreatedOnToolsVersion = 8.3.2;
						DevelopmentTeam = 7BEV3MKZTB;
						ProvisioningStyle = Automatic;
					};
				};
			};
			buildConfigurationList = C6B119431ED8174900331141 /* Build configuration list for PBXProject "LazyDirectoryViewer" */;
			compatibilityVersion = "Xcode 3.2";
			developmentRegion = English;
			hasScannedForEncodings = 0;
			knownRegions = (
				en,
				Base,
			);
			mainGroup = C6B1193F1ED8174900331141;
			productRefGroup = C6B119491ED8174900331141 /* Products */;
			projectDirPath = "";
			projectRoot = "";
			targets = (
				C6B119471ED8174900331141 /* LazyDirectoryViewerDemo */,
				C61E63821EE3C55C00435D39 /* LazyDirectoryViewer */,
			);
		};
/* End PBXProject section */

/* Begin PBXResourcesBuildPhase section */
		C61E63811EE3C55C00435D39 /* Resources */ = {
			isa = PBXResourcesBuildPhase;
			buildActionMask = 2147483647;
			files = (
				C61E63901EE3C57900435D39 /* Viewer.storyboard in Resources */,
				C61E63931EE3C57C00435D39 /* Resource.bundle in Resources */,
			);
			runOnlyForDeploymentPostprocessing = 0;
		};
		C6B119461ED8174900331141 /* Resources */ = {
			isa = PBXResourcesBuildPhase;
			buildActionMask = 2147483647;
			files = (
				C6B1196E1ED819C100331141 /* Main.storyboard in Resources */,
				C6B1196C1ED819C100331141 /* Assets.xcassets in Resources */,
				C6B1196D1ED819C100331141 /* LaunchScreen.storyboard in Resources */,
			);
			runOnlyForDeploymentPostprocessing = 0;
		};
/* End PBXResourcesBuildPhase section */

/* Begin PBXSourcesBuildPhase section */
		C61E637E1EE3C55C00435D39 /* Sources */ = {
			isa = PBXSourcesBuildPhase;
			buildActionMask = 2147483647;
			files = (
				C61E63981EE3EEB000435D39 /* ViewerUtility.swift in Sources */,
				C61E63911EE3C57900435D39 /* LazyDirectoryViewer.swift in Sources */,
				C61E63921EE3C57900435D39 /* LazyFileListCell.swift in Sources */,
			);
			runOnlyForDeploymentPostprocessing = 0;
		};
		C6B119441ED8174900331141 /* Sources */ = {
			isa = PBXSourcesBuildPhase;
			buildActionMask = 2147483647;
			files = (
				C61D34C11F71639A0040EF53 /* Utility.swift in Sources */,
				C6B1196B1ED819C100331141 /* AppDelegate.swift in Sources */,
				C61E63951EE3C75E00435D39 /* MainViewController.swift in Sources */,
			);
			runOnlyForDeploymentPostprocessing = 0;
		};
/* End PBXSourcesBuildPhase section */

/* Begin PBXTargetDependency section */
		C61E63891EE3C55C00435D39 /* PBXTargetDependency */ = {
			isa = PBXTargetDependency;
			target = C61E63821EE3C55C00435D39 /* LazyDirectoryViewer */;
			targetProxy = C61E63881EE3C55C00435D39 /* PBXContainerItemProxy */;
		};
/* End PBXTargetDependency section */

/* Begin PBXVariantGroup section */
		C6B119641ED819C100331141 /* LaunchScreen.storyboard */ = {
			isa = PBXVariantGroup;
			children = (
				C6B119651ED819C100331141 /* Base */,
			);
			name = LaunchScreen.storyboard;
			sourceTree = "<group>";
		};
		C6B119661ED819C100331141 /* Main.storyboard */ = {
			isa = PBXVariantGroup;
			children = (
				C6B119671ED819C100331141 /* Base */,
			);
			name = Main.storyboard;
			sourceTree = "<group>";
		};
/* End PBXVariantGroup section */

/* Begin XCBuildConfiguration section */
		C61E638D1EE3C55C00435D39 /* Debug */ = {
			isa = XCBuildConfiguration;
			buildSettings = {
				CODE_SIGN_IDENTITY = "";
				CURRENT_PROJECT_VERSION = 1;
				DEFINES_MODULE = YES;
				DEVELOPMENT_TEAM = 7BEV3MKZTB;
				DYLIB_COMPATIBILITY_VERSION = 1;
				DYLIB_CURRENT_VERSION = 1;
				DYLIB_INSTALL_NAME_BASE = "@rpath";
				INFOPLIST_FILE = LazyDirectoryViewer/Info.plist;
				INSTALL_PATH = "$(LOCAL_LIBRARY_DIR)/Frameworks";
				LD_RUNPATH_SEARCH_PATHS = "$(inherited) @executable_path/Frameworks @loader_path/Frameworks";
				PRODUCT_BUNDLE_IDENTIFIER = th1rt3en.LazyDirectoryViewer;
				PRODUCT_NAME = "$(TARGET_NAME)";
				SKIP_INSTALL = YES;
				SWIFT_VERSION = 3.0;
				VERSIONING_SYSTEM = "apple-generic";
				VERSION_INFO_PREFIX = "";
			};
			name = Debug;
		};
		C61E638E1EE3C55C00435D39 /* Release */ = {
			isa = XCBuildConfiguration;
			buildSettings = {
				CODE_SIGN_IDENTITY = "";
				CURRENT_PROJECT_VERSION = 1;
				DEFINES_MODULE = YES;
				DEVELOPMENT_TEAM = 7BEV3MKZTB;
				DYLIB_COMPATIBILITY_VERSION = 1;
				DYLIB_CURRENT_VERSION = 1;
				DYLIB_INSTALL_NAME_BASE = "@rpath";
				INFOPLIST_FILE = LazyDirectoryViewer/Info.plist;
				INSTALL_PATH = "$(LOCAL_LIBRARY_DIR)/Frameworks";
				LD_RUNPATH_SEARCH_PATHS = "$(inherited) @executable_path/Frameworks @loader_path/Frameworks";
				PRODUCT_BUNDLE_IDENTIFIER = th1rt3en.LazyDirectoryViewer;
				PRODUCT_NAME = "$(TARGET_NAME)";
				SKIP_INSTALL = YES;
				SWIFT_VERSION = 3.0;
				VERSIONING_SYSTEM = "apple-generic";
				VERSION_INFO_PREFIX = "";
			};
			name = Release;
		};
		C6B119581ED8174900331141 /* Debug */ = {
			isa = XCBuildConfiguration;
			buildSettings = {
				ALWAYS_SEARCH_USER_PATHS = NO;
				CLANG_ANALYZER_NONNULL = YES;
				CLANG_ANALYZER_NUMBER_OBJECT_CONVERSION = YES_AGGRESSIVE;
				CLANG_CXX_LANGUAGE_STANDARD = "gnu++0x";
				CLANG_CXX_LIBRARY = "libc++";
				CLANG_ENABLE_MODULES = YES;
				CLANG_ENABLE_OBJC_ARC = YES;
				CLANG_WARN_BOOL_CONVERSION = YES;
				CLANG_WARN_CONSTANT_CONVERSION = YES;
				CLANG_WARN_DIRECT_OBJC_ISA_USAGE = YES_ERROR;
				CLANG_WARN_DOCUMENTATION_COMMENTS = YES;
				CLANG_WARN_EMPTY_BODY = YES;
				CLANG_WARN_ENUM_CONVERSION = YES;
				CLANG_WARN_INFINITE_RECURSION = YES;
				CLANG_WARN_INT_CONVERSION = YES;
				CLANG_WARN_OBJC_ROOT_CLASS = YES_ERROR;
				CLANG_WARN_SUSPICIOUS_MOVE = YES;
				CLANG_WARN_UNREACHABLE_CODE = YES;
				CLANG_WARN__DUPLICATE_METHOD_MATCH = YES;
				"CODE_SIGN_IDENTITY[sdk=iphoneos*]" = "iPhone Developer";
				COPY_PHASE_STRIP = NO;
				DEBUG_INFORMATION_FORMAT = dwarf;
				ENABLE_STRICT_OBJC_MSGSEND = YES;
				ENABLE_TESTABILITY = YES;
				GCC_C_LANGUAGE_STANDARD = gnu99;
				GCC_DYNAMIC_NO_PIC = NO;
				GCC_NO_COMMON_BLOCKS = YES;
				GCC_OPTIMIZATION_LEVEL = 0;
				GCC_PREPROCESSOR_DEFINITIONS = (
					"DEBUG=1",
					"$(inherited)",
				);
				GCC_WARN_64_TO_32_BIT_CONVERSION = YES;
				GCC_WARN_ABOUT_RETURN_TYPE = YES_ERROR;
				GCC_WARN_UNDECLARED_SELECTOR = YES;
				GCC_WARN_UNINITIALIZED_AUTOS = YES_AGGRESSIVE;
				GCC_WARN_UNUSED_FUNCTION = YES;
				GCC_WARN_UNUSED_VARIABLE = YES;
				IPHONEOS_DEPLOYMENT_TARGET = 9.0;
				MTL_ENABLE_DEBUG_INFO = YES;
				ONLY_ACTIVE_ARCH = YES;
				SDKROOT = iphoneos;
				SWIFT_ACTIVE_COMPILATION_CONDITIONS = DEBUG;
				SWIFT_OPTIMIZATION_LEVEL = "-Onone";
				TARGETED_DEVICE_FAMILY = "1,2";
			};
			name = Debug;
		};
		C6B119591ED8174900331141 /* Release */ = {
			isa = XCBuildConfiguration;
			buildSettings = {
				ALWAYS_SEARCH_USER_PATHS = NO;
				CLANG_ANALYZER_NONNULL = YES;
				CLANG_ANALYZER_NUMBER_OBJECT_CONVERSION = YES_AGGRESSIVE;
				CLANG_CXX_LANGUAGE_STANDARD = "gnu++0x";
				CLANG_CXX_LIBRARY = "libc++";
				CLANG_ENABLE_MODULES = YES;
				CLANG_ENABLE_OBJC_ARC = YES;
				CLANG_WARN_BOOL_CONVERSION = YES;
				CLANG_WARN_CONSTANT_CONVERSION = YES;
				CLANG_WARN_DIRECT_OBJC_ISA_USAGE = YES_ERROR;
				CLANG_WARN_DOCUMENTATION_COMMENTS = YES;
				CLANG_WARN_EMPTY_BODY = YES;
				CLANG_WARN_ENUM_CONVERSION = YES;
				CLANG_WARN_INFINITE_RECURSION = YES;
				CLANG_WARN_INT_CONVERSION = YES;
				CLANG_WARN_OBJC_ROOT_CLASS = YES_ERROR;
				CLANG_WARN_SUSPICIOUS_MOVE = YES;
				CLANG_WARN_UNREACHABLE_CODE = YES;
				CLANG_WARN__DUPLICATE_METHOD_MATCH = YES;
				"CODE_SIGN_IDENTITY[sdk=iphoneos*]" = "iPhone Developer";
				COPY_PHASE_STRIP = NO;
				DEBUG_INFORMATION_FORMAT = "dwarf-with-dsym";
				ENABLE_NS_ASSERTIONS = NO;
				ENABLE_STRICT_OBJC_MSGSEND = YES;
				GCC_C_LANGUAGE_STANDARD = gnu99;
				GCC_NO_COMMON_BLOCKS = YES;
				GCC_WARN_64_TO_32_BIT_CONVERSION = YES;
				GCC_WARN_ABOUT_RETURN_TYPE = YES_ERROR;
				GCC_WARN_UNDECLARED_SELECTOR = YES;
				GCC_WARN_UNINITIALIZED_AUTOS = YES_AGGRESSIVE;
				GCC_WARN_UNUSED_FUNCTION = YES;
				GCC_WARN_UNUSED_VARIABLE = YES;
				IPHONEOS_DEPLOYMENT_TARGET = 9.0;
				MTL_ENABLE_DEBUG_INFO = NO;
				SDKROOT = iphoneos;
				SWIFT_OPTIMIZATION_LEVEL = "-Owholemodule";
				TARGETED_DEVICE_FAMILY = "1,2";
				VALIDATE_PRODUCT = YES;
			};
			name = Release;
		};
		C6B1195B1ED8174900331141 /* Debug */ = {
			isa = XCBuildConfiguration;
			buildSettings = {
				ALWAYS_EMBED_SWIFT_STANDARD_LIBRARIES = YES;
				ASSETCATALOG_COMPILER_APPICON_NAME = AppIcon;
				DEVELOPMENT_TEAM = 7BEV3MKZTB;
				INFOPLIST_FILE = "$(SRCROOT)/Demo/Info.plist";
				LD_RUNPATH_SEARCH_PATHS = "$(inherited) @executable_path/Frameworks";
				PRODUCT_BUNDLE_IDENTIFIER = th1rt3en.LazyDirectoryViewer.Demo;
				PRODUCT_NAME = "$(TARGET_NAME)";
				SWIFT_VERSION = 3.0;
			};
			name = Debug;
		};
		C6B1195C1ED8174900331141 /* Release */ = {
			isa = XCBuildConfiguration;
			buildSettings = {
				ALWAYS_EMBED_SWIFT_STANDARD_LIBRARIES = YES;
				ASSETCATALOG_COMPILER_APPICON_NAME = AppIcon;
				DEVELOPMENT_TEAM = 7BEV3MKZTB;
				INFOPLIST_FILE = "$(SRCROOT)/Demo/Info.plist";
				LD_RUNPATH_SEARCH_PATHS = "$(inherited) @executable_path/Frameworks";
				PRODUCT_BUNDLE_IDENTIFIER = th1rt3en.LazyDirectoryViewer.Demo;
				PRODUCT_NAME = "$(TARGET_NAME)";
				SWIFT_VERSION = 3.0;
			};
			name = Release;
		};
/* End XCBuildConfiguration section */

/* Begin XCConfigurationList section */
		C61E638C1EE3C55C00435D39 /* Build configuration list for PBXNativeTarget "LazyDirectoryViewer" */ = {
			isa = XCConfigurationList;
			buildConfigurations = (
				C61E638D1EE3C55C00435D39 /* Debug */,
				C61E638E1EE3C55C00435D39 /* Release */,
			);
			defaultConfigurationIsVisible = 0;
			defaultConfigurationName = Release;
		};
		C6B119431ED8174900331141 /* Build configuration list for PBXProject "LazyDirectoryViewer" */ = {
			isa = XCConfigurationList;
			buildConfigurations = (
				C6B119581ED8174900331141 /* Debug */,
				C6B119591ED8174900331141 /* Release */,
			);
			defaultConfigurationIsVisible = 0;
			defaultConfigurationName = Release;
		};
		C6B1195A1ED8174900331141 /* Build configuration list for PBXNativeTarget "LazyDirectoryViewerDemo" */ = {
			isa = XCConfigurationList;
			buildConfigurations = (
				C6B1195B1ED8174900331141 /* Debug */,
				C6B1195C1ED8174900331141 /* Release */,
			);
			defaultConfigurationIsVisible = 0;
			defaultConfigurationName = Release;
		};
/* End XCConfigurationList section */
	};
	rootObject = C6B119401ED8174900331141 /* Project object */;
}
